
Microsoft Visual Studio Solution File, Format Version 12.00
# Visual Studio Version 17
VisualStudioVersion = 17.11.35222.181
MinimumVisualStudioVersion = 10.0.40219.1
Project("{FAE04EC0-301F-11D3-BF4B-00C04F79EFBC}") = "VovchukEK", "VovchukEK.csproj", "{F0C9E59D-FABD-4A77-848E-DB60E51A523E}"
EndProject
Global
	GlobalSection(SolutionConfigurationPlatforms) = preSolution
		Debug|Any CPU = Debug|Any CPU
		Release|Any CPU = Release|Any CPU
	EndGlobalSection
	GlobalSection(ProjectConfigurationPlatforms) = postSolution
		{F0C9E59D-FABD-4A77-848E-DB60E51A523E}.Debug|Any CPU.ActiveCfg = Debug|Any CPU
		{F0C9E59D-FABD-4A77-848E-DB60E51A523E}.Debug|Any CPU.Build.0 = Debug|Any CPU
		{F0C9E59D-FABD-4A77-848E-DB60E51A523E}.Release|Any CPU.ActiveCfg = Release|Any CPU
		{F0C9E59D-FABD-4A77-848E-DB60E51A523E}.Release|Any CPU.Build.0 = Release|Any CPU
	EndGlobalSection
	GlobalSection(SolutionProperties) = preSolution
		HideSolutionNode = FALSE
	EndGlobalSection
	GlobalSection(ExtensibilityGlobals) = postSolution
		SolutionGuid = {A158E8AA-3893-437E-B710-B88B9C5D21CF}
	EndGlobalSection
EndGlobal
